# Gate 0 direct inference dependencies. Each digest identifies the reviewed
# release artifact; platform wheel availability remains a separate gate result.
aiohttp==3.13.2 --hash=sha256:a3b6fb0c207cc661fa0bf8c66d8d9b657331ccc814f4719468af61034b478592
grpcio==1.80.0 --hash=sha256:09e5e478b3d14afd23f12e49e8b44c8684ac3c5f08561c43a5b9691c54d136ab
cryptography==45.0.7 --hash=sha256:b6a0e535baec27b528cb07a119f321ac024592388c5681a5ced167ae98e9fff3
asyncpg==0.30.0 --hash=sha256:1292b84ee06ac8a2ad8e51c7475aa309245874b61333d97411aab835c4a2f737
wasmtime==39.0.0 --hash=sha256:bc5a9dfeeb692877bb5c38439e11253d1553a9d2631e8421552f9bba04af6360
redis==6.4.0 --hash=sha256:f0544fa9604264e9464cdf4814e7d4830f74b165d52f2a330a760a88dd248b7f
qdrant-client==1.15.1 --hash=sha256:2b975099b378382f6ca1cfb43f0d59e541be6e16a5892f282a4b8de7eff5cb63
aioboto3==15.2.0 --hash=sha256:3582f033543ee7671ae27b1df538f2095bcc91be4a3a78e7498b5ce6c654f26b
google-cloud-storage==3.4.0 --hash=sha256:16eeca305e4747a6871f8f7627eef3b862fdd365b872ca74d4a89e9841d0f8e8
aiortc==1.13.0 --hash=sha256:9ccccec98796f6a96bd1c3dd437a06da7e0f57521c96bd56e4b965a91b03a0a0
